
Microsoft Visual Studio Solution File, Format Version 12.00
# Visual Studio Version 17
VisualStudioVersion = 17.3.32819.101
MinimumVisualStudioVersion = 10.0.40219.1
Project("{FAE04EC0-301F-11D3-BF4B-00C04F79EFBC}") = "Search_App", "Search_App\Search_App.csproj", "{06D4F454-5EC6-4E65-8C49-0022E30DD776}"
EndProject
Project("{FAE04EC0-301F-11D3-BF4B-00C04F79EFBC}") = "Common", "Common\Common.csproj", "{F15F2F53-BC37-4EF1-944E-9CE1D07CDE21}"
EndProject
Project("{FAE04EC0-301F-11D3-BF4B-00C04F79EFBC}") = "DAL", "DAL\DAL.csproj", "{5AE8A0B8-6317-4968-BA70-1635B2214717}"
EndProject
Project("{FAE04EC0-301F-11D3-BF4B-00C04F79EFBC}") = "BLL", "BLL\BLL.csproj", "{A44CDFB1-CF81-418A-BA03-51B9CFAB64E0}"
EndProject
Global
	GlobalSection(SolutionConfigurationPlatforms) = preSolution
		Debug|Any CPU = Debug|Any CPU
		Release|Any CPU = Release|Any CPU
	EndGlobalSection
	GlobalSection(ProjectConfigurationPlatforms) = postSolution
		{06D4F454-5EC6-4E65-8C49-0022E30DD776}.Debug|Any CPU.ActiveCfg = Debug|Any CPU
		{06D4F454-5EC6-4E65-8C49-0022E30DD776}.Debug|Any CPU.Build.0 = Debug|Any CPU
		{06D4F454-5EC6-4E65-8C49-0022E30DD776}.Release|Any CPU.ActiveCfg = Release|Any CPU
		{06D4F454-5EC6-4E65-8C49-0022E30DD776}.Release|Any CPU.Build.0 = Release|Any CPU
		{F15F2F53-BC37-4EF1-944E-9CE1D07CDE21}.Debug|Any CPU.ActiveCfg = Debug|Any CPU
		{F15F2F53-BC37-4EF1-944E-9CE1D07CDE21}.Debug|Any CPU.Build.0 = Debug|Any CPU
		{F15F2F53-BC37-4EF1-944E-9CE1D07CDE21}.Release|Any CPU.ActiveCfg = Release|Any CPU
		{F15F2F53-BC37-4EF1-944E-9CE1D07CDE21}.Release|Any CPU.Build.0 = Release|Any CPU
		{5AE8A0B8-6317-4968-BA70-1635B2214717}.Debug|Any CPU.ActiveCfg = Debug|Any CPU
		{5AE8A0B8-6317-4968-BA70-1635B2214717}.Debug|Any CPU.Build.0 = Debug|Any CPU
		{5AE8A0B8-6317-4968-BA70-1635B2214717}.Release|Any CPU.ActiveCfg = Release|Any CPU
		{5AE8A0B8-6317-4968-BA70-1635B2214717}.Release|Any CPU.Build.0 = Release|Any CPU
		{A44CDFB1-CF81-418A-BA03-51B9CFAB64E0}.Debug|Any CPU.ActiveCfg = Debug|Any CPU
		{A44CDFB1-CF81-418A-BA03-51B9CFAB64E0}.Debug|Any CPU.Build.0 = Debug|Any CPU
		{A44CDFB1-CF81-418A-BA03-51B9CFAB64E0}.Release|Any CPU.ActiveCfg = Release|Any CPU
		{A44CDFB1-CF81-418A-BA03-51B9CFAB64E0}.Release|Any CPU.Build.0 = Release|Any CPU
	EndGlobalSection
	GlobalSection(SolutionProperties) = preSolution
		HideSolutionNode = FALSE
	EndGlobalSection
	GlobalSection(ExtensibilityGlobals) = postSolution
		SolutionGuid = {C8A457DC-452B-4ED4-B509-B37B1C2A9660}
	EndGlobalSection
EndGlobal
